// !$*UTF8*$!
{
	archiveVersion = 1;
	classes = {
	};
	objectVersion = 56;
	objects = {

/* Begin PBXBuildFile section */
		0678ED802C36D95E005D13CC /* AppDelegate.swift in Sources */ = {isa = PBXBuildFile; fileRef = 0678ED7F2C36D95E005D13CC /* AppDelegate.swift */; };
		0678ED862C36D95E005D13CC /* GameScene.swift in Sources */ = {isa = PBXBuildFile; fileRef = 0678ED852C36D95E005D13CC /* GameScene.swift */; };
		0678ED882C36D95E005D13CC /* ViewController.swift in Sources */ = {isa = PBXBuildFile; fileRef = 0678ED872C36D95E005D13CC /* ViewController.swift */; };
		0678ED8A2C36D960005D13CC /* Assets.xcassets in Resources */ = {isa = PBXBuildFile; fileRef = 0678ED892C36D960005D13CC /* Assets.xcassets */; };
		0678ED8D2C36D960005D13CC /* Base in Resources */ = {isa = PBXBuildFile; fileRef = 0678ED8C2C36D960005D13CC /* Base */; };
		06C807C62C3745B40052BB3A /* GameScenePresenter.swift in Sources */ = {isa = PBXBuildFile; fileRef = 06C807C52C3745B40052BB3A /* GameScenePresenter.swift */; };
		06C807C92C374A1E0052BB3A /* CameraManager.swift in Sources */ = {isa = PBXBuildFile; fileRef = 06C807C82C374A1E0052BB3A /* CameraManager.swift */; };
		06C807EC2C37D9430052BB3A /* GridManager.swift in Sources */ = {isa = PBXBuildFile; fileRef = 06C807EB2C37D9430052BB3A /* GridManager.swift */; };
		06C807EE2C37DB7A0052BB3A /* Constants.swift in Sources */ = {isa = PBXBuildFile; fileRef = 06C807ED2C37DB7A0052BB3A /* Constants.swift */; };
		06C807F02C37F4A60052BB3A /* DoublyLinkedList.swift in Sources */ = {isa = PBXBuildFile; fileRef = 06C807EF2C37F4A60052BB3A /* DoublyLinkedList.swift */; };
		06C807F22C37F54F0052BB3A /* CellsManager.swift in Sources */ = {isa = PBXBuildFile; fileRef = 06C807F12C37F54F0052BB3A /* CellsManager.swift */; };
		06C807F52C37F9FB0052BB3A /* CellsList.swift in Sources */ = {isa = PBXBuildFile; fileRef = 06C807F42C37F9FB0052BB3A /* CellsList.swift */; };
		06C807FA2C383F940052BB3A /* CellMovementDelegate.swift in Sources */ = {isa = PBXBuildFile; fileRef = 06C807F92C383F940052BB3A /* CellMovementDelegate.swift */; };
		06C807FD2C3840230052BB3A /* GridObjects.swift in Sources */ = {isa = PBXBuildFile; fileRef = 06C807FC2C3840230052BB3A /* GridObjects.swift */; };
		06C807FF2C3854A10052BB3A /* Cell.swift in Sources */ = {isa = PBXBuildFile; fileRef = 06C807FE2C3854A10052BB3A /* Cell.swift */; };
		06C808012C385DF60052BB3A /* CellBirthGivingDelegate.swift in Sources */ = {isa = PBXBuildFile; fileRef = 06C808002C385DF60052BB3A /* CellBirthGivingDelegate.swift */; };
		06C808042C3862620052BB3A /* CGPoint.swift in Sources */ = {isa = PBXBuildFile; fileRef = 06C808032C3862620052BB3A /* CGPoint.swift */; };
		06C808082C388C720052BB3A /* Atomic.swift in Sources */ = {isa = PBXBuildFile; fileRef = 06C808072C388C720052BB3A /* Atomic.swift */; };
/* End PBXBuildFile section */

/* Begin PBXFileReference section */
		0678ED7C2C36D95E005D13CC /* Life.app */ = {isa = PBXFileReference; explicitFileType = wrapper.application; includeInIndex = 0; path = Life.app; sourceTree = BUILT_PRODUCTS_DIR; };
		0678ED7F2C36D95E005D13CC /* AppDelegate.swift */ = {isa = PBXFileReference; lastKnownFileType = sourcecode.swift; path = AppDelegate.swift; sourceTree = "<group>"; };
		0678ED852C36D95E005D13CC /* GameScene.swift */ = {isa = PBXFileReference; lastKnownFileType = sourcecode.swift; path = GameScene.swift; sourceTree = "<group>"; };
		0678ED872C36D95E005D13CC /* ViewController.swift */ = {isa = PBXFileReference; lastKnownFileType = sourcecode.swift; path = ViewController.swift; sourceTree = "<group>"; };
		0678ED892C36D960005D13CC /* Assets.xcassets */ = {isa = PBXFileReference; lastKnownFileType = folder.assetcatalog; path = Assets.xcassets; sourceTree = "<group>"; };
		0678ED8C2C36D960005D13CC /* Base */ = {isa = PBXFileReference; lastKnownFileType = file.storyboard; name = Base; path = Base.lproj/Main.storyboard; sourceTree = "<group>"; };
		0678ED8E2C36D960005D13CC /* Life.entitlements */ = {isa = PBXFileReference; lastKnownFileType = text.plist.entitlements; path = Life.entitlements; sourceTree = "<group>"; };
		06C807C52C3745B40052BB3A /* GameScenePresenter.swift */ = {isa = PBXFileReference; lastKnownFileType = sourcecode.swift; path = GameScenePresenter.swift; sourceTree = "<group>"; };
		06C807C82C374A1E0052BB3A /* CameraManager.swift */ = {isa = PBXFileReference; lastKnownFileType = sourcecode.swift; path = CameraManager.swift; sourceTree = "<group>"; };
		06C807EB2C37D9430052BB3A /* GridManager.swift */ = {isa = PBXFileReference; lastKnownFileType = sourcecode.swift; path = GridManager.swift; sourceTree = "<group>"; };
		06C807ED2C37DB7A0052BB3A /* Constants.swift */ = {isa = PBXFileReference; lastKnownFileType = sourcecode.swift; path = Constants.swift; sourceTree = "<group>"; };
		06C807EF2C37F4A60052BB3A /* DoublyLinkedList.swift */ = {isa = PBXFileReference; lastKnownFileType = sourcecode.swift; path = DoublyLinkedList.swift; sourceTree = "<group>"; };
		06C807F12C37F54F0052BB3A /* CellsManager.swift */ = {isa = PBXFileReference; lastKnownFileType = sourcecode.swift; path = CellsManager.swift; sourceTree = "<group>"; };
		06C807F42C37F9FB0052BB3A /* CellsList.swift */ = {isa = PBXFileReference; lastKnownFileType = sourcecode.swift; path = CellsList.swift; sourceTree = "<group>"; };
		06C807F92C383F940052BB3A /* CellMovementDelegate.swift */ = {isa = PBXFileReference; lastKnownFileType = sourcecode.swift; path = CellMovementDelegate.swift; sourceTree = "<group>"; };
		06C807FC2C3840230052BB3A /* GridObjects.swift */ = {isa = PBXFileReference; lastKnownFileType = sourcecode.swift; path = GridObjects.swift; sourceTree = "<group>"; };
		06C807FE2C3854A10052BB3A /* Cell.swift */ = {isa = PBXFileReference; lastKnownFileType = sourcecode.swift; path = Cell.swift; sourceTree = "<group>"; };
		06C808002C385DF60052BB3A /* CellBirthGivingDelegate.swift */ = {isa = PBXFileReference; lastKnownFileType = sourcecode.swift; path = CellBirthGivingDelegate.swift; sourceTree = "<group>"; };
		06C808032C3862620052BB3A /* CGPoint.swift */ = {isa = PBXFileReference; lastKnownFileType = sourcecode.swift; path = CGPoint.swift; sourceTree = "<group>"; };
		06C808072C388C720052BB3A /* Atomic.swift */ = {isa = PBXFileReference; lastKnownFileType = sourcecode.swift; path = Atomic.swift; sourceTree = "<group>"; };
/* End PBXFileReference section */

/* Begin PBXFrameworksBuildPhase section */
		0678ED792C36D95E005D13CC /* Frameworks */ = {
			isa = PBXFrameworksBuildPhase;
			buildActionMask = 2147483647;
			files = (
			);
			runOnlyForDeploymentPostprocessing = 0;
		};
/* End PBXFrameworksBuildPhase section */

/* Begin PBXGroup section */
		0678ED732C36D95E005D13CC = {
			isa = PBXGroup;
			children = (
				0678ED7E2C36D95E005D13CC /* Life */,
				0678ED7D2C36D95E005D13CC /* Products */,
			);
			sourceTree = "<group>";
		};
		0678ED7D2C36D95E005D13CC /* Products */ = {
			isa = PBXGroup;
			children = (
				0678ED7C2C36D95E005D13CC /* Life.app */,
			);
			name = Products;
			sourceTree = "<group>";
		};
		0678ED7E2C36D95E005D13CC /* Life */ = {
			isa = PBXGroup;
			children = (
				06C808062C388C670052BB3A /* Utils */,
				06C808052C388C4D0052BB3A /* Other */,
				06C808022C3862560052BB3A /* Extensions */,
				06C807C42C37458D0052BB3A /* Scene */,
				06C807ED2C37DB7A0052BB3A /* Constants.swift */,
				06C807EF2C37F4A60052BB3A /* DoublyLinkedList.swift */,
				0678ED8E2C36D960005D13CC /* Life.entitlements */,
			);
			path = Life;
			sourceTree = "<group>";
		};
		06C807C42C37458D0052BB3A /* Scene */ = {
			isa = PBXGroup;
			children = (
				06C807C72C374A0B0052BB3A /* Managers */,
				0678ED852C36D95E005D13CC /* GameScene.swift */,
				06C807C52C3745B40052BB3A /* GameScenePresenter.swift */,
			);
			path = Scene;
			sourceTree = "<group>";
		};
		06C807C72C374A0B0052BB3A /* Managers */ = {
			isa = PBXGroup;
			children = (
				06C807FB2C3840120052BB3A /* GridManager */,
				06C807F32C37F9EC0052BB3A /* CellsManager */,
				06C807C82C374A1E0052BB3A /* CameraManager.swift */,
			);
			path = Managers;
			sourceTree = "<group>";
		};
		06C807F32C37F9EC0052BB3A /* CellsManager */ = {
			isa = PBXGroup;
			children = (
				06C808092C38905C0052BB3A /* Delegates */,
				06C807F12C37F54F0052BB3A /* CellsManager.swift */,
				06C807F42C37F9FB0052BB3A /* CellsList.swift */,
				06C807FE2C3854A10052BB3A /* Cell.swift */,
			);
			path = CellsManager;
			sourceTree = "<group>";
		};
		06C807FB2C3840120052BB3A /* GridManager */ = {
			isa = PBXGroup;
			children = (
				06C807EB2C37D9430052BB3A /* GridManager.swift */,
				06C807FC2C3840230052BB3A /* GridObjects.swift */,
			);
			path = GridManager;
			sourceTree = "<group>";
		};
		06C808022C3862560052BB3A /* Extensions */ = {
			isa = PBXGroup;
			children = (
				06C808032C3862620052BB3A /* CGPoint.swift */,
			);
			path = Extensions;
			sourceTree = "<group>";
		};
		06C808052C388C4D0052BB3A /* Other */ = {
			isa = PBXGroup;
			children = (
				0678ED7F2C36D95E005D13CC /* AppDelegate.swift */,
				0678ED872C36D95E005D13CC /* ViewController.swift */,
				0678ED892C36D960005D13CC /* Assets.xcassets */,
				0678ED8B2C36D960005D13CC /* Main.storyboard */,
			);
			path = Other;
			sourceTree = "<group>";
		};
		06C808062C388C670052BB3A /* Utils */ = {
			isa = PBXGroup;
			children = (
				06C808072C388C720052BB3A /* Atomic.swift */,
			);
			path = Utils;
			sourceTree = "<group>";
		};
		06C808092C38905C0052BB3A /* Delegates */ = {
			isa = PBXGroup;
			children = (
				06C807F92C383F940052BB3A /* CellMovementDelegate.swift */,
				06C808002C385DF60052BB3A /* CellBirthGivingDelegate.swift */,
			);
			path = Delegates;
			sourceTree = "<group>";
		};
/* End PBXGroup section */

/* Begin PBXNativeTarget section */
		0678ED7B2C36D95E005D13CC /* Life */ = {
			isa = PBXNativeTarget;
			buildConfigurationList = 0678ED912C36D960005D13CC /* Build configuration list for PBXNativeTarget "Life" */;
			buildPhases = (
				0678ED782C36D95E005D13CC /* Sources */,
				0678ED792C36D95E005D13CC /* Frameworks */,
				0678ED7A2C36D95E005D13CC /* Resources */,
			);
			buildRules = (
			);
			dependencies = (
			);
			name = Life;
			productName = Life;
			productReference = 0678ED7C2C36D95E005D13CC /* Life.app */;
			productType = "com.apple.product-type.application";
		};
/* End PBXNativeTarget section */

/* Begin PBXProject section */
		0678ED742C36D95E005D13CC /* Project object */ = {
			isa = PBXProject;
			attributes = {
				BuildIndependentTargetsInParallel = 1;
				LastSwiftUpdateCheck = 1540;
				LastUpgradeCheck = 1540;
				TargetAttributes = {
					0678ED7B2C36D95E005D13CC = {
						CreatedOnToolsVersion = 15.4;
					};
				};
			};
			buildConfigurationList = 0678ED772C36D95E005D13CC /* Build configuration list for PBXProject "Life" */;
			compatibilityVersion = "Xcode 14.0";
			developmentRegion = en;
			hasScannedForEncodings = 0;
			knownRegions = (
				en,
				Base,
			);
			mainGroup = 0678ED732C36D95E005D13CC;
			productRefGroup = 0678ED7D2C36D95E005D13CC /* Products */;
			projectDirPath = "";
			projectRoot = "";
			targets = (
				0678ED7B2C36D95E005D13CC /* Life */,
			);
		};
/* End PBXProject section */

/* Begin PBXResourcesBuildPhase section */
		0678ED7A2C36D95E005D13CC /* Resources */ = {
			isa = PBXResourcesBuildPhase;
			buildActionMask = 2147483647;
			files = (
				0678ED8A2C36D960005D13CC /* Assets.xcassets in Resources */,
				0678ED8D2C36D960005D13CC /* Base in Resources */,
			);
			runOnlyForDeploymentPostprocessing = 0;
		};
/* End PBXResourcesBuildPhase section */

/* Begin PBXSourcesBuildPhase section */
		0678ED782C36D95E005D13CC /* Sources */ = {
			isa = PBXSourcesBuildPhase;
			buildActionMask = 2147483647;
			files = (
				0678ED882C36D95E005D13CC /* ViewController.swift in Sources */,
				06C807EC2C37D9430052BB3A /* GridManager.swift in Sources */,
				06C807FD2C3840230052BB3A /* GridObjects.swift in Sources */,
				06C808082C388C720052BB3A /* Atomic.swift in Sources */,
				0678ED862C36D95E005D13CC /* GameScene.swift in Sources */,
				06C807F02C37F4A60052BB3A /* DoublyLinkedList.swift in Sources */,
				0678ED802C36D95E005D13CC /* AppDelegate.swift in Sources */,
				06C807EE2C37DB7A0052BB3A /* Constants.swift in Sources */,
				06C808012C385DF60052BB3A /* CellBirthGivingDelegate.swift in Sources */,
				06C807C62C3745B40052BB3A /* GameScenePresenter.swift in Sources */,
				06C807FF2C3854A10052BB3A /* Cell.swift in Sources */,
				06C807C92C374A1E0052BB3A /* CameraManager.swift in Sources */,
				06C808042C3862620052BB3A /* CGPoint.swift in Sources */,
				06C807FA2C383F940052BB3A /* CellMovementDelegate.swift in Sources */,
				06C807F22C37F54F0052BB3A /* CellsManager.swift in Sources */,
				06C807F52C37F9FB0052BB3A /* CellsList.swift in Sources */,
			);
			runOnlyForDeploymentPostprocessing = 0;
		};
/* End PBXSourcesBuildPhase section */

/* Begin PBXVariantGroup section */
		0678ED8B2C36D960005D13CC /* Main.storyboard */ = {
			isa = PBXVariantGroup;
			children = (
				0678ED8C2C36D960005D13CC /* Base */,
			);
			name = Main.storyboard;
			sourceTree = "<group>";
		};
/* End PBXVariantGroup section */

/* Begin XCBuildConfiguration section */
		0678ED8F2C36D960005D13CC /* Debug */ = {
			isa = XCBuildConfiguration;
			buildSettings = {
				ALWAYS_SEARCH_USER_PATHS = NO;
				ASSETCATALOG_COMPILER_GENERATE_SWIFT_ASSET_SYMBOL_EXTENSIONS = YES;
				CLANG_ANALYZER_NONNULL = YES;
				CLANG_ANALYZER_NUMBER_OBJECT_CONVERSION = YES_AGGRESSIVE;
				CLANG_CXX_LANGUAGE_STANDARD = "gnu++20";
				CLANG_ENABLE_MODULES = YES;
				CLANG_ENABLE_OBJC_ARC = YES;
				CLANG_ENABLE_OBJC_WEAK = YES;
				CLANG_WARN_BLOCK_CAPTURE_AUTORELEASING = YES;
				CLANG_WARN_BOOL_CONVERSION = YES;
				CLANG_WARN_COMMA = YES;
				CLANG_WARN_CONSTANT_CONVERSION = YES;
				CLANG_WARN_DEPRECATED_OBJC_IMPLEMENTATIONS = YES;
				CLANG_WARN_DIRECT_OBJC_ISA_USAGE = YES_ERROR;
				CLANG_WARN_DOCUMENTATION_COMMENTS = YES;
				CLANG_WARN_EMPTY_BODY = YES;
				CLANG_WARN_ENUM_CONVERSION = YES;
				CLANG_WARN_INFINITE_RECURSION = YES;
				CLANG_WARN_INT_CONVERSION = YES;
				CLANG_WARN_NON_LITERAL_NULL_CONVERSION = YES;
				CLANG_WARN_OBJC_IMPLICIT_RETAIN_SELF = YES;
				CLANG_WARN_OBJC_LITERAL_CONVERSION = YES;
				CLANG_WARN_OBJC_ROOT_CLASS = YES_ERROR;
				CLANG_WARN_QUOTED_INCLUDE_IN_FRAMEWORK_HEADER = YES;
				CLANG_WARN_RANGE_LOOP_ANALYSIS = YES;
				CLANG_WARN_STRICT_PROTOTYPES = YES;
				CLANG_WARN_SUSPICIOUS_MOVE = YES;
				CLANG_WARN_UNGUARDED_AVAILABILITY = YES_AGGRESSIVE;
				CLANG_WARN_UNREACHABLE_CODE = YES;
				CLANG_WARN__DUPLICATE_METHOD_MATCH = YES;
				COPY_PHASE_STRIP = NO;
				DEBUG_INFORMATION_FORMAT = dwarf;
				ENABLE_STRICT_OBJC_MSGSEND = YES;
				ENABLE_TESTABILITY = YES;
				ENABLE_USER_SCRIPT_SANDBOXING = YES;
				GCC_C_LANGUAGE_STANDARD = gnu17;
				GCC_DYNAMIC_NO_PIC = NO;
				GCC_NO_COMMON_BLOCKS = YES;
				GCC_OPTIMIZATION_LEVEL = 0;
				GCC_PREPROCESSOR_DEFINITIONS = (
					"DEBUG=1",
					"$(inherited)",
				);
				GCC_WARN_64_TO_32_BIT_CONVERSION = YES;
				GCC_WARN_ABOUT_RETURN_TYPE = YES_ERROR;
				GCC_WARN_UNDECLARED_SELECTOR = YES;
				GCC_WARN_UNINITIALIZED_AUTOS = YES_AGGRESSIVE;
				GCC_WARN_UNUSED_FUNCTION = YES;
				GCC_WARN_UNUSED_VARIABLE = YES;
				LOCALIZATION_PREFERS_STRING_CATALOGS = YES;
				MACOSX_DEPLOYMENT_TARGET = 14.5;
				MTL_ENABLE_DEBUG_INFO = INCLUDE_SOURCE;
				MTL_FAST_MATH = YES;
				ONLY_ACTIVE_ARCH = YES;
				SDKROOT = macosx;
				SWIFT_ACTIVE_COMPILATION_CONDITIONS = "DEBUG $(inherited)";
				SWIFT_OPTIMIZATION_LEVEL = "-Onone";
			};
			name = Debug;
		};
		0678ED902C36D960005D13CC /* Release */ = {
			isa = XCBuildConfiguration;
			buildSettings = {
				ALWAYS_SEARCH_USER_PATHS = NO;
				ASSETCATALOG_COMPILER_GENERATE_SWIFT_ASSET_SYMBOL_EXTENSIONS = YES;
				CLANG_ANALYZER_NONNULL = YES;
				CLANG_ANALYZER_NUMBER_OBJECT_CONVERSION = YES_AGGRESSIVE;
				CLANG_CXX_LANGUAGE_STANDARD = "gnu++20";
				CLANG_ENABLE_MODULES = YES;
				CLANG_ENABLE_OBJC_ARC = YES;
				CLANG_ENABLE_OBJC_WEAK = YES;
				CLANG_WARN_BLOCK_CAPTURE_AUTORELEASING = YES;
				CLANG_WARN_BOOL_CONVERSION = YES;
				CLANG_WARN_COMMA = YES;
				CLANG_WARN_CONSTANT_CONVERSION = YES;
				CLANG_WARN_DEPRECATED_OBJC_IMPLEMENTATIONS = YES;
				CLANG_WARN_DIRECT_OBJC_ISA_USAGE = YES_ERROR;
				CLANG_WARN_DOCUMENTATION_COMMENTS = YES;
				CLANG_WARN_EMPTY_BODY = YES;
				CLANG_WARN_ENUM_CONVERSION = YES;
				CLANG_WARN_INFINITE_RECURSION = YES;
				CLANG_WARN_INT_CONVERSION = YES;
				CLANG_WARN_NON_LITERAL_NULL_CONVERSION = YES;
				CLANG_WARN_OBJC_IMPLICIT_RETAIN_SELF = YES;
				CLANG_WARN_OBJC_LITERAL_CONVERSION = YES;
				CLANG_WARN_OBJC_ROOT_CLASS = YES_ERROR;
				CLANG_WARN_QUOTED_INCLUDE_IN_FRAMEWORK_HEADER = YES;
				CLANG_WARN_RANGE_LOOP_ANALYSIS = YES;
				CLANG_WARN_STRICT_PROTOTYPES = YES;
				CLANG_WARN_SUSPICIOUS_MOVE = YES;
				CLANG_WARN_UNGUARDED_AVAILABILITY = YES_AGGRESSIVE;
				CLANG_WARN_UNREACHABLE_CODE = YES;
				CLANG_WARN__DUPLICATE_METHOD_MATCH = YES;
				COPY_PHASE_STRIP = NO;
				DEBUG_INFORMATION_FORMAT = "dwarf-with-dsym";
				ENABLE_NS_ASSERTIONS = NO;
				ENABLE_STRICT_OBJC_MSGSEND = YES;
				ENABLE_USER_SCRIPT_SANDBOXING = YES;
				GCC_C_LANGUAGE_STANDARD = gnu17;
				GCC_NO_COMMON_BLOCKS = YES;
				GCC_WARN_64_TO_32_BIT_CONVERSION = YES;
				GCC_WARN_ABOUT_RETURN_TYPE = YES_ERROR;
				GCC_WARN_UNDECLARED_SELECTOR = YES;
				GCC_WARN_UNINITIALIZED_AUTOS = YES_AGGRESSIVE;
				GCC_WARN_UNUSED_FUNCTION = YES;
				GCC_WARN_UNUSED_VARIABLE = YES;
				LOCALIZATION_PREFERS_STRING_CATALOGS = YES;
				MACOSX_DEPLOYMENT_TARGET = 14.5;
				MTL_ENABLE_DEBUG_INFO = NO;
				MTL_FAST_MATH = YES;
				SDKROOT = macosx;
				SWIFT_COMPILATION_MODE = wholemodule;
			};
			name = Release;
		};
		0678ED922C36D960005D13CC /* Debug */ = {
			isa = XCBuildConfiguration;
			buildSettings = {
				ASSETCATALOG_COMPILER_APPICON_NAME = AppIcon;
				ASSETCATALOG_COMPILER_GLOBAL_ACCENT_COLOR_NAME = AccentColor;
				CODE_SIGN_ENTITLEMENTS = Life/Life.entitlements;
				"CODE_SIGN_IDENTITY[sdk=macosx*]" = "Apple Development";
				CODE_SIGN_STYLE = Automatic;
				COMBINE_HIDPI_IMAGES = YES;
				CURRENT_PROJECT_VERSION = 1;
				DEVELOPMENT_TEAM = ZSTRAT4UQM;
				ENABLE_HARDENED_RUNTIME = YES;
				GENERATE_INFOPLIST_FILE = YES;
				INFOPLIST_KEY_LSApplicationCategoryType = "public.app-category.games";
				INFOPLIST_KEY_NSHumanReadableCopyright = "";
				INFOPLIST_KEY_NSMainStoryboardFile = Main;
				INFOPLIST_KEY_NSPrincipalClass = NSApplication;
				LD_RUNPATH_SEARCH_PATHS = (
					"$(inherited)",
					"@executable_path/../Frameworks",
				);
				MARKETING_VERSION = 1.0;
				PRODUCT_BUNDLE_IDENTIFIER = com.voitin.Life;
				PRODUCT_NAME = "$(TARGET_NAME)";
				SWIFT_EMIT_LOC_STRINGS = YES;
				SWIFT_STRICT_CONCURRENCY = complete;
				SWIFT_VERSION = 5.0;
			};
			name = Debug;
		};
		0678ED932C36D960005D13CC /* Release */ = {
			isa = XCBuildConfiguration;
			buildSettings = {
				ASSETCATALOG_COMPILER_APPICON_NAME = AppIcon;
				ASSETCATALOG_COMPILER_GLOBAL_ACCENT_COLOR_NAME = AccentColor;
				CODE_SIGN_ENTITLEMENTS = Life/Life.entitlements;
				"CODE_SIGN_IDENTITY[sdk=macosx*]" = "Apple Development";
				CODE_SIGN_STYLE = Automatic;
				COMBINE_HIDPI_IMAGES = YES;
				CURRENT_PROJECT_VERSION = 1;
				DEVELOPMENT_TEAM = ZSTRAT4UQM;
				ENABLE_HARDENED_RUNTIME = YES;
				GENERATE_INFOPLIST_FILE = YES;
				INFOPLIST_KEY_LSApplicationCategoryType = "public.app-category.games";
				INFOPLIST_KEY_NSHumanReadableCopyright = "";
				INFOPLIST_KEY_NSMainStoryboardFile = Main;
				INFOPLIST_KEY_NSPrincipalClass = NSApplication;
				LD_RUNPATH_SEARCH_PATHS = (
					"$(inherited)",
					"@executable_path/../Frameworks",
				);
				MARKETING_VERSION = 1.0;
				PRODUCT_BUNDLE_IDENTIFIER = com.voitin.Life;
				PRODUCT_NAME = "$(TARGET_NAME)";
				SWIFT_EMIT_LOC_STRINGS = YES;
				SWIFT_STRICT_CONCURRENCY = complete;
				SWIFT_VERSION = 5.0;
			};
			name = Release;
		};
/* End XCBuildConfiguration section */

/* Begin XCConfigurationList section */
		0678ED772C36D95E005D13CC /* Build configuration list for PBXProject "Life" */ = {
			isa = XCConfigurationList;
			buildConfigurations = (
				0678ED8F2C36D960005D13CC /* Debug */,
				0678ED902C36D960005D13CC /* Release */,
			);
			defaultConfigurationIsVisible = 0;
			defaultConfigurationName = Release;
		};
		0678ED912C36D960005D13CC /* Build configuration list for PBXNativeTarget "Life" */ = {
			isa = XCConfigurationList;
			buildConfigurations = (
				0678ED922C36D960005D13CC /* Debug */,
				0678ED932C36D960005D13CC /* Release */,
			);
			defaultConfigurationIsVisible = 0;
			defaultConfigurationName = Release;
		};
/* End XCConfigurationList section */
	};
	rootObject = 0678ED742C36D95E005D13CC /* Project object */;
}
